
Microsoft Visual Studio Solution File, Format Version 12.00
# Visual Studio Version 16
VisualStudioVersion = 16.0.31005.135
MinimumVisualStudioVersion = 10.0.40219.1
Project("{9A19103F-16F7-4668-BE54-9A1E7A4F7556}") = "ReadExcel", "ReadExcel\ReadExcel.csproj", "{69C6D370-AA32-4E72-88B5-72B582D5B4CB}"
EndProject
Project("{9A19103F-16F7-4668-BE54-9A1E7A4F7556}") = "WriteExcel", "WriteExcel\WriteExcel.csproj", "{9FEFF945-5241-4443-89FC-27C876DCC05C}"
EndProject
Project("{2150E333-8FDC-42A3-9474-1A3956D46DE8}") = "Solution Items", "Solution Items", "{38E00234-A232-437F-BE88-3C37488E99B4}"
	ProjectSection(SolutionItems) = preProject
		README.md = README.md
	EndProjectSection
EndProject
Project("{FAE04EC0-301F-11D3-BF4B-00C04F79EFBC}") = "OpenXMLHelperLib", "OpenXMLHelperLib\OpenXMLHelperLib.csproj", "{D5C37F29-CD47-47C6-95C2-1C80C26FE5A8}"
EndProject
Global
	GlobalSection(SolutionConfigurationPlatforms) = preSolution
		Debug|Any CPU = Debug|Any CPU
		Release|Any CPU = Release|Any CPU
	EndGlobalSection
	GlobalSection(ProjectConfigurationPlatforms) = postSolution
		{69C6D370-AA32-4E72-88B5-72B582D5B4CB}.Debug|Any CPU.ActiveCfg = Debug|Any CPU
		{69C6D370-AA32-4E72-88B5-72B582D5B4CB}.Debug|Any CPU.Build.0 = Debug|Any CPU
		{69C6D370-AA32-4E72-88B5-72B582D5B4CB}.Release|Any CPU.ActiveCfg = Release|Any CPU
		{69C6D370-AA32-4E72-88B5-72B582D5B4CB}.Release|Any CPU.Build.0 = Release|Any CPU
		{9FEFF945-5241-4443-89FC-27C876DCC05C}.Debug|Any CPU.ActiveCfg = Debug|Any CPU
		{9FEFF945-5241-4443-89FC-27C876DCC05C}.Debug|Any CPU.Build.0 = Debug|Any CPU
		{9FEFF945-5241-4443-89FC-27C876DCC05C}.Release|Any CPU.ActiveCfg = Release|Any CPU
		{9FEFF945-5241-4443-89FC-27C876DCC05C}.Release|Any CPU.Build.0 = Release|Any CPU
		{D5C37F29-CD47-47C6-95C2-1C80C26FE5A8}.Debug|Any CPU.ActiveCfg = Debug|Any CPU
		{D5C37F29-CD47-47C6-95C2-1C80C26FE5A8}.Debug|Any CPU.Build.0 = Debug|Any CPU
		{D5C37F29-CD47-47C6-95C2-1C80C26FE5A8}.Release|Any CPU.ActiveCfg = Release|Any CPU
		{D5C37F29-CD47-47C6-95C2-1C80C26FE5A8}.Release|Any CPU.Build.0 = Release|Any CPU
	EndGlobalSection
	GlobalSection(SolutionProperties) = preSolution
		HideSolutionNode = FALSE
	EndGlobalSection
	GlobalSection(ExtensibilityGlobals) = postSolution
		SolutionGuid = {C0E6878E-0E69-4ECC-BFDA-C636309C23A4}
	EndGlobalSection
EndGlobal
